
Microsoft Visual Studio Solution File, Format Version 12.00
# Visual Studio Version 17
VisualStudioVersion = 17.7.34024.191
MinimumVisualStudioVersion = 10.0.40219.1
Project("{FAE04EC0-301F-11D3-BF4B-00C04F79EFBC}") = "WebApi", "WebApi\WebApi.csproj", "{84CEBF9E-EAED-4C71-B814-562E7835EC6C}"
EndProject
Global
	GlobalSection(SolutionConfigurationPlatforms) = preSolution
		Debug|Any CPU = Debug|Any CPU
		Release|Any CPU = Release|Any CPU
	EndGlobalSection
	GlobalSection(ProjectConfigurationPlatforms) = postSolution
		{84CEBF9E-EAED-4C71-B814-562E7835EC6C}.Debug|Any CPU.ActiveCfg = Debug|Any CPU
		{84CEBF9E-EAED-4C71-B814-562E7835EC6C}.Debug|Any CPU.Build.0 = Debug|Any CPU
		{84CEBF9E-EAED-4C71-B814-562E7835EC6C}.Release|Any CPU.ActiveCfg = Release|Any CPU
		{84CEBF9E-EAED-4C71-B814-562E7835EC6C}.Release|Any CPU.Build.0 = Release|Any CPU
	EndGlobalSection
	GlobalSection(SolutionProperties) = preSolution
		HideSolutionNode = FALSE
	EndGlobalSection
	GlobalSection(ExtensibilityGlobals) = postSolution
		SolutionGuid = {BB66388D-5C57-4D9F-90C1-54C99939EE69}
	EndGlobalSection
EndGlobal
